
Microsoft Visual Studio Solution File, Format Version 12.00
# Visual Studio Version 17
VisualStudioVersion = 17.5.33530.505
MinimumVisualStudioVersion = 10.0.40219.1
Project("{9A19103F-16F7-4668-BE54-9A1E7A4F7556}") = "HelloWorld", "HelloWorld\HelloWorld.csproj", "{0C23378A-A938-4816-B682-7F9B76E67CCB}"
EndProject
Project("{FAE04EC0-301F-11D3-BF4B-00C04F79EFBC}") = "netFramework", "netFramework\netFramework.csproj", "{2A2E6F80-C3BB-4AD5-B2AC-DA4F5649DFF0}"
EndProject
Project("{9A19103F-16F7-4668-BE54-9A1E7A4F7556}") = "temp", "temp\temp.csproj", "{456C97C0-9733-459D-A5CC-976DB99740EB}"
EndProject
Project("{9A19103F-16F7-4668-BE54-9A1E7A4F7556}") = "methodOverloadin", "methodOverloadin\methodOverloadin.csproj", "{323E1DBA-D821-495F-B5B4-C7156564DD5E}"
EndProject
Project("{9A19103F-16F7-4668-BE54-9A1E7A4F7556}") = "Interfaces", "Interfaces\Interfaces.csproj", "{8491CAFD-32C1-44B9-8330-DA9351D322EA}"
EndProject
Project("{FAE04EC0-301F-11D3-BF4B-00C04F79EFBC}") = "Generic Class", "Generic Class\Generic Class.csproj", "{6DC755B5-6AF1-4E82-987E-F1B7E1356041}"
EndProject
Project("{FAE04EC0-301F-11D3-BF4B-00C04F79EFBC}") = "Delegate", "Delegate\Delegate.csproj", "{D31B892C-BD40-4303-B4DC-CB31E555A19B}"
EndProject
Project("{FAE04EC0-301F-11D3-BF4B-00C04F79EFBC}") = "LambdaEx", "LambdaEx\LambdaEx.csproj", "{6808829F-F574-494C-B29B-3E59990718A8}"
EndProject
Project("{FAE04EC0-301F-11D3-BF4B-00C04F79EFBC}") = "LINQ", "LINQ\LINQ.csproj", "{8520A77B-1976-432B-9683-279FF06A2365}"
EndProject
Global
	GlobalSection(SolutionConfigurationPlatforms) = preSolution
		Debug|Any CPU = Debug|Any CPU
		Release|Any CPU = Release|Any CPU
	EndGlobalSection
	GlobalSection(ProjectConfigurationPlatforms) = postSolution
		{0C23378A-A938-4816-B682-7F9B76E67CCB}.Debug|Any CPU.ActiveCfg = Debug|Any CPU
		{0C23378A-A938-4816-B682-7F9B76E67CCB}.Debug|Any CPU.Build.0 = Debug|Any CPU
		{0C23378A-A938-4816-B682-7F9B76E67CCB}.Release|Any CPU.ActiveCfg = Release|Any CPU
		{0C23378A-A938-4816-B682-7F9B76E67CCB}.Release|Any CPU.Build.0 = Release|Any CPU
		{2A2E6F80-C3BB-4AD5-B2AC-DA4F5649DFF0}.Debug|Any CPU.ActiveCfg = Debug|Any CPU
		{2A2E6F80-C3BB-4AD5-B2AC-DA4F5649DFF0}.Debug|Any CPU.Build.0 = Debug|Any CPU
		{2A2E6F80-C3BB-4AD5-B2AC-DA4F5649DFF0}.Release|Any CPU.ActiveCfg = Release|Any CPU
		{2A2E6F80-C3BB-4AD5-B2AC-DA4F5649DFF0}.Release|Any CPU.Build.0 = Release|Any CPU
		{456C97C0-9733-459D-A5CC-976DB99740EB}.Debug|Any CPU.ActiveCfg = Debug|Any CPU
		{456C97C0-9733-459D-A5CC-976DB99740EB}.Debug|Any CPU.Build.0 = Debug|Any CPU
		{456C97C0-9733-459D-A5CC-976DB99740EB}.Release|Any CPU.ActiveCfg = Release|Any CPU
		{456C97C0-9733-459D-A5CC-976DB99740EB}.Release|Any CPU.Build.0 = Release|Any CPU
		{323E1DBA-D821-495F-B5B4-C7156564DD5E}.Debug|Any CPU.ActiveCfg = Debug|Any CPU
		{323E1DBA-D821-495F-B5B4-C7156564DD5E}.Debug|Any CPU.Build.0 = Debug|Any CPU
		{323E1DBA-D821-495F-B5B4-C7156564DD5E}.Release|Any CPU.ActiveCfg = Release|Any CPU
		{323E1DBA-D821-495F-B5B4-C7156564DD5E}.Release|Any CPU.Build.0 = Release|Any CPU
		{8491CAFD-32C1-44B9-8330-DA9351D322EA}.Debug|Any CPU.ActiveCfg = Debug|Any CPU
		{8491CAFD-32C1-44B9-8330-DA9351D322EA}.Debug|Any CPU.Build.0 = Debug|Any CPU
		{8491CAFD-32C1-44B9-8330-DA9351D322EA}.Release|Any CPU.ActiveCfg = Release|Any CPU
		{8491CAFD-32C1-44B9-8330-DA9351D322EA}.Release|Any CPU.Build.0 = Release|Any CPU
		{6DC755B5-6AF1-4E82-987E-F1B7E1356041}.Debug|Any CPU.ActiveCfg = Debug|Any CPU
		{6DC755B5-6AF1-4E82-987E-F1B7E1356041}.Debug|Any CPU.Build.0 = Debug|Any CPU
		{6DC755B5-6AF1-4E82-987E-F1B7E1356041}.Release|Any CPU.ActiveCfg = Release|Any CPU
		{6DC755B5-6AF1-4E82-987E-F1B7E1356041}.Release|Any CPU.Build.0 = Release|Any CPU
		{D31B892C-BD40-4303-B4DC-CB31E555A19B}.Debug|Any CPU.ActiveCfg = Debug|Any CPU
		{D31B892C-BD40-4303-B4DC-CB31E555A19B}.Debug|Any CPU.Build.0 = Debug|Any CPU
		{D31B892C-BD40-4303-B4DC-CB31E555A19B}.Release|Any CPU.ActiveCfg = Release|Any CPU
		{D31B892C-BD40-4303-B4DC-CB31E555A19B}.Release|Any CPU.Build.0 = Release|Any CPU
		{6808829F-F574-494C-B29B-3E59990718A8}.Debug|Any CPU.ActiveCfg = Debug|Any CPU
		{6808829F-F574-494C-B29B-3E59990718A8}.Debug|Any CPU.Build.0 = Debug|Any CPU
		{6808829F-F574-494C-B29B-3E59990718A8}.Release|Any CPU.ActiveCfg = Release|Any CPU
		{6808829F-F574-494C-B29B-3E59990718A8}.Release|Any CPU.Build.0 = Release|Any CPU
		{8520A77B-1976-432B-9683-279FF06A2365}.Debug|Any CPU.ActiveCfg = Debug|Any CPU
		{8520A77B-1976-432B-9683-279FF06A2365}.Debug|Any CPU.Build.0 = Debug|Any CPU
		{8520A77B-1976-432B-9683-279FF06A2365}.Release|Any CPU.ActiveCfg = Release|Any CPU
		{8520A77B-1976-432B-9683-279FF06A2365}.Release|Any CPU.Build.0 = Release|Any CPU
	EndGlobalSection
	GlobalSection(SolutionProperties) = preSolution
		HideSolutionNode = FALSE
	EndGlobalSection
	GlobalSection(ExtensibilityGlobals) = postSolution
		SolutionGuid = {9FC77B49-B679-4166-992E-F56941F1DCA4}
	EndGlobalSection
EndGlobal
